
Microsoft Visual Studio Solution File, Format Version 12.00
# Visual Studio Version 16
VisualStudioVersion = 16.0.29503.13
MinimumVisualStudioVersion = 10.0.40219.1
Project("{FAE04EC0-301F-11D3-BF4B-00C04F79EFBC}") = "ModuloContas", "ModuloContas.csproj", "{9F721950-1E7A-4052-A827-CE8572FC18EE}"
EndProject
Global
	GlobalSection(SolutionConfigurationPlatforms) = preSolution
		Debug|Any CPU = Debug|Any CPU
		Release|Any CPU = Release|Any CPU
	EndGlobalSection
	GlobalSection(ProjectConfigurationPlatforms) = postSolution
		{9F721950-1E7A-4052-A827-CE8572FC18EE}.Debug|Any CPU.ActiveCfg = Debug|Any CPU
		{9F721950-1E7A-4052-A827-CE8572FC18EE}.Debug|Any CPU.Build.0 = Debug|Any CPU
		{9F721950-1E7A-4052-A827-CE8572FC18EE}.Release|Any CPU.ActiveCfg = Release|Any CPU
		{9F721950-1E7A-4052-A827-CE8572FC18EE}.Release|Any CPU.Build.0 = Release|Any CPU
	EndGlobalSection
	GlobalSection(SolutionProperties) = preSolution
		HideSolutionNode = FALSE
	EndGlobalSection
	GlobalSection(ExtensibilityGlobals) = postSolution
		SolutionGuid = {55C4EDA5-646B-423B-9684-F74966C092FA}
	EndGlobalSection
EndGlobal
